// !$*UTF8*$!
{
	archiveVersion = 1;
	classes = {
	};
	objectVersion = 46;
	objects = {

/* Begin PBXBuildFile section */
		C0F9D2841F623E0000095BA0 /* AppDelegate.swift in Sources */ = {isa = PBXBuildFile; fileRef = C0F9D2831F623E0000095BA0 /* AppDelegate.swift */; };
		C0F9D2861F623E0000095BA0 /* ViewController.swift in Sources */ = {isa = PBXBuildFile; fileRef = C0F9D2851F623E0000095BA0 /* ViewController.swift */; };
		C0F9D2891F623E0000095BA0 /* Main.storyboard in Resources */ = {isa = PBXBuildFile; fileRef = C0F9D2871F623E0000095BA0 /* Main.storyboard */; };
		C0F9D28C1F623E0000095BA0 /* ChatApp.xcdatamodeld in Sources */ = {isa = PBXBuildFile; fileRef = C0F9D28A1F623E0000095BA0 /* ChatApp.xcdatamodeld */; };
		C0F9D28E1F623E0000095BA0 /* Assets.xcassets in Resources */ = {isa = PBXBuildFile; fileRef = C0F9D28D1F623E0000095BA0 /* Assets.xcassets */; };
		C0F9D2911F623E0000095BA0 /* LaunchScreen.storyboard in Resources */ = {isa = PBXBuildFile; fileRef = C0F9D28F1F623E0000095BA0 /* LaunchScreen.storyboard */; };
		C0F9D2991F62440000095BA0 /* Auth.storyboard in Resources */ = {isa = PBXBuildFile; fileRef = C0F9D2981F62440000095BA0 /* Auth.storyboard */; };
/* End PBXBuildFile section */

/* Begin PBXFileReference section */
		C0F9D2801F623E0000095BA0 /* ChatApp.app */ = {isa = PBXFileReference; explicitFileType = wrapper.application; includeInIndex = 0; path = ChatApp.app; sourceTree = BUILT_PRODUCTS_DIR; };
		C0F9D2831F623E0000095BA0 /* AppDelegate.swift */ = {isa = PBXFileReference; lastKnownFileType = sourcecode.swift; path = AppDelegate.swift; sourceTree = "<group>"; };
		C0F9D2851F623E0000095BA0 /* ViewController.swift */ = {isa = PBXFileReference; lastKnownFileType = sourcecode.swift; path = ViewController.swift; sourceTree = "<group>"; };
		C0F9D2881F623E0000095BA0 /* Base */ = {isa = PBXFileReference; lastKnownFileType = file.storyboard; name = Base; path = Base.lproj/Main.storyboard; sourceTree = "<group>"; };
		C0F9D28B1F623E0000095BA0 /* ChatApp.xcdatamodel */ = {isa = PBXFileReference; lastKnownFileType = wrapper.xcdatamodel; path = ChatApp.xcdatamodel; sourceTree = "<group>"; };
		C0F9D28D1F623E0000095BA0 /* Assets.xcassets */ = {isa = PBXFileReference; lastKnownFileType = folder.assetcatalog; path = Assets.xcassets; sourceTree = "<group>"; };
		C0F9D2901F623E0000095BA0 /* Base */ = {isa = PBXFileReference; lastKnownFileType = file.storyboard; name = Base; path = Base.lproj/LaunchScreen.storyboard; sourceTree = "<group>"; };
		C0F9D2921F623E0000095BA0 /* Info.plist */ = {isa = PBXFileReference; lastKnownFileType = text.plist.xml; path = Info.plist; sourceTree = "<group>"; };
		C0F9D2981F62440000095BA0 /* Auth.storyboard */ = {isa = PBXFileReference; fileEncoding = 4; lastKnownFileType = file.storyboard; path = Auth.storyboard; sourceTree = "<group>"; };
/* End PBXFileReference section */

/* Begin PBXFrameworksBuildPhase section */
		C0F9D27D1F623E0000095BA0 /* Frameworks */ = {
			isa = PBXFrameworksBuildPhase;
			buildActionMask = 2147483647;
			files = (
			);
			runOnlyForDeploymentPostprocessing = 0;
		};
/* End PBXFrameworksBuildPhase section */

/* Begin PBXGroup section */
		C0F9D2771F623E0000095BA0 = {
			isa = PBXGroup;
			children = (
				C0F9D2821F623E0000095BA0 /* ChatApp */,
				C0F9D2811F623E0000095BA0 /* Products */,
			);
			sourceTree = "<group>";
		};
		C0F9D2811F623E0000095BA0 /* Products */ = {
			isa = PBXGroup;
			children = (
				C0F9D2801F623E0000095BA0 /* ChatApp.app */,
			);
			name = Products;
			sourceTree = "<group>";
		};
		C0F9D2821F623E0000095BA0 /* ChatApp */ = {
			isa = PBXGroup;
			children = (
				C0F9D2831F623E0000095BA0 /* AppDelegate.swift */,
				C0F9D2851F623E0000095BA0 /* ViewController.swift */,
				C0F9D2871F623E0000095BA0 /* Main.storyboard */,
				C0F9D2981F62440000095BA0 /* Auth.storyboard */,
				C0F9D28D1F623E0000095BA0 /* Assets.xcassets */,
				C0F9D28F1F623E0000095BA0 /* LaunchScreen.storyboard */,
				C0F9D2921F623E0000095BA0 /* Info.plist */,
				C0F9D28A1F623E0000095BA0 /* ChatApp.xcdatamodeld */,
			);
			path = ChatApp;
			sourceTree = "<group>";
		};
/* End PBXGroup section */

/* Begin PBXNativeTarget section */
		C0F9D27F1F623E0000095BA0 /* ChatApp */ = {
			isa = PBXNativeTarget;
			buildConfigurationList = C0F9D2951F623E0000095BA0 /* Build configuration list for PBXNativeTarget "ChatApp" */;
			buildPhases = (
				C0F9D27C1F623E0000095BA0 /* Sources */,
				C0F9D27D1F623E0000095BA0 /* Frameworks */,
				C0F9D27E1F623E0000095BA0 /* Resources */,
			);
			buildRules = (
			);
			dependencies = (
			);
			name = ChatApp;
			productName = ChatApp;
			productReference = C0F9D2801F623E0000095BA0 /* ChatApp.app */;
			productType = "com.apple.product-type.application";
		};
/* End PBXNativeTarget section */

/* Begin PBXProject section */
		C0F9D2781F623E0000095BA0 /* Project object */ = {
			isa = PBXProject;
			attributes = {
				LastSwiftUpdateCheck = 0830;
				LastUpgradeCheck = 0830;
				ORGANIZATIONNAME = TWL;
				TargetAttributes = {
					C0F9D27F1F623E0000095BA0 = {
						CreatedOnToolsVersion = 8.3.3;
						ProvisioningStyle = Automatic;
					};
				};
			};
			buildConfigurationList = C0F9D27B1F623E0000095BA0 /* Build configuration list for PBXProject "ChatApp" */;
			compatibilityVersion = "Xcode 3.2";
			developmentRegion = English;
			hasScannedForEncodings = 0;
			knownRegions = (
				en,
				Base,
			);
			mainGroup = C0F9D2771F623E0000095BA0;
			productRefGroup = C0F9D2811F623E0000095BA0 /* Products */;
			projectDirPath = "";
			projectRoot = "";
			targets = (
				C0F9D27F1F623E0000095BA0 /* ChatApp */,
			);
		};
/* End PBXProject section */

/* Begin PBXResourcesBuildPhase section */
		C0F9D27E1F623E0000095BA0 /* Resources */ = {
			isa = PBXResourcesBuildPhase;
			buildActionMask = 2147483647;
			files = (
				C0F9D2991F62440000095BA0 /* Auth.storyboard in Resources */,
				C0F9D2911F623E0000095BA0 /* LaunchScreen.storyboard in Resources */,
				C0F9D28E1F623E0000095BA0 /* Assets.xcassets in Resources */,
				C0F9D2891F623E0000095BA0 /* Main.storyboard in Resources */,
			);
			runOnlyForDeploymentPostprocessing = 0;
		};
/* End PBXResourcesBuildPhase section */

/* Begin PBXSourcesBuildPhase section */
		C0F9D27C1F623E0000095BA0 /* Sources */ = {
			isa = PBXSourcesBuildPhase;
			buildActionMask = 2147483647;
			files = (
				C0F9D28C1F623E0000095BA0 /* ChatApp.xcdatamodeld in Sources */,
				C0F9D2861F623E0000095BA0 /* ViewController.swift in Sources */,
				C0F9D2841F623E0000095BA0 /* AppDelegate.swift in Sources */,
			);
			runOnlyForDeploymentPostprocessing = 0;
		};
/* End PBXSourcesBuildPhase section */

/* Begin PBXVariantGroup section */
		C0F9D2871F623E0000095BA0 /* Main.storyboard */ = {
			isa = PBXVariantGroup;
			children = (
				C0F9D2881F623E0000095BA0 /* Base */,
			);
			name = Main.storyboard;
			sourceTree = "<group>";
		};
		C0F9D28F1F623E0000095BA0 /* LaunchScreen.storyboard */ = {
			isa = PBXVariantGroup;
			children = (
				C0F9D2901F623E0000095BA0 /* Base */,
			);
			name = LaunchScreen.storyboard;
			sourceTree = "<group>";
		};
/* End PBXVariantGroup section */

/* Begin XCBuildConfiguration section */
		C0F9D2931F623E0000095BA0 /* Debug */ = {
			isa = XCBuildConfiguration;
			buildSettings = {
				ALWAYS_SEARCH_USER_PATHS = NO;
				CLANG_ANALYZER_NONNULL = YES;
				CLANG_ANALYZER_NUMBER_OBJECT_CONVERSION = YES_AGGRESSIVE;
				CLANG_CXX_LANGUAGE_STANDARD = "gnu++0x";
				CLANG_CXX_LIBRARY = "libc++";
				CLANG_ENABLE_MODULES = YES;
				CLANG_ENABLE_OBJC_ARC = YES;
				CLANG_WARN_BOOL_CONVERSION = YES;
				CLANG_WARN_CONSTANT_CONVERSION = YES;
				CLANG_WARN_DIRECT_OBJC_ISA_USAGE = YES_ERROR;
				CLANG_WARN_DOCUMENTATION_COMMENTS = YES;
				CLANG_WARN_EMPTY_BODY = YES;
				CLANG_WARN_ENUM_CONVERSION = YES;
				CLANG_WARN_INFINITE_RECURSION = YES;
				CLANG_WARN_INT_CONVERSION = YES;
				CLANG_WARN_OBJC_ROOT_CLASS = YES_ERROR;
				CLANG_WARN_SUSPICIOUS_MOVE = YES;
				CLANG_WARN_UNREACHABLE_CODE = YES;
				CLANG_WARN__DUPLICATE_METHOD_MATCH = YES;
				"CODE_SIGN_IDENTITY[sdk=iphoneos*]" = "iPhone Developer";
				COPY_PHASE_STRIP = NO;
				DEBUG_INFORMATION_FORMAT = dwarf;
				ENABLE_STRICT_OBJC_MSGSEND = YES;
				ENABLE_TESTABILITY = YES;
				GCC_C_LANGUAGE_STANDARD = gnu99;
				GCC_DYNAMIC_NO_PIC = NO;
				GCC_NO_COMMON_BLOCKS = YES;
				GCC_OPTIMIZATION_LEVEL = 0;
				GCC_PREPROCESSOR_DEFINITIONS = (
					"DEBUG=1",
					"$(inherited)",
				);
				GCC_WARN_64_TO_32_BIT_CONVERSION = YES;
				GCC_WARN_ABOUT_RETURN_TYPE = YES_ERROR;
				GCC_WARN_UNDECLARED_SELECTOR = YES;
				GCC_WARN_UNINITIALIZED_AUTOS = YES_AGGRESSIVE;
				GCC_WARN_UNUSED_FUNCTION = YES;
				GCC_WARN_UNUSED_VARIABLE = YES;
				IPHONEOS_DEPLOYMENT_TARGET = 10.3;
				MTL_ENABLE_DEBUG_INFO = YES;
				ONLY_ACTIVE_ARCH = YES;
				SDKROOT = iphoneos;
				SWIFT_ACTIVE_COMPILATION_CONDITIONS = DEBUG;
				SWIFT_OPTIMIZATION_LEVEL = "-Onone";
				TARGETED_DEVICE_FAMILY = "1,2";
			};
			name = Debug;
		};
		C0F9D2941F623E0000095BA0 /* Release */ = {
			isa = XCBuildConfiguration;
			buildSettings = {
				ALWAYS_SEARCH_USER_PATHS = NO;
				CLANG_ANALYZER_NONNULL = YES;
				CLANG_ANALYZER_NUMBER_OBJECT_CONVERSION = YES_AGGRESSIVE;
				CLANG_CXX_LANGUAGE_STANDARD = "gnu++0x";
				CLANG_CXX_LIBRARY = "libc++";
				CLANG_ENABLE_MODULES = YES;
				CLANG_ENABLE_OBJC_ARC = YES;
				CLANG_WARN_BOOL_CONVERSION = YES;
				CLANG_WARN_CONSTANT_CONVERSION = YES;
				CLANG_WARN_DIRECT_OBJC_ISA_USAGE = YES_ERROR;
				CLANG_WARN_DOCUMENTATION_COMMENTS = YES;
				CLANG_WARN_EMPTY_BODY = YES;
				CLANG_WARN_ENUM_CONVERSION = YES;
				CLANG_WARN_INFINITE_RECURSION = YES;
				CLANG_WARN_INT_CONVERSION = YES;
				CLANG_WARN_OBJC_ROOT_CLASS = YES_ERROR;
				CLANG_WARN_SUSPICIOUS_MOVE = YES;
				CLANG_WARN_UNREACHABLE_CODE = YES;
				CLANG_WARN__DUPLICATE_METHOD_MATCH = YES;
				"CODE_SIGN_IDENTITY[sdk=iphoneos*]" = "iPhone Developer";
				COPY_PHASE_STRIP = NO;
				DEBUG_INFORMATION_FORMAT = "dwarf-with-dsym";
				ENABLE_NS_ASSERTIONS = NO;
				ENABLE_STRICT_OBJC_MSGSEND = YES;
				GCC_C_LANGUAGE_STANDARD = gnu99;
				GCC_NO_COMMON_BLOCKS = YES;
				GCC_WARN_64_TO_32_BIT_CONVERSION = YES;
				GCC_WARN_ABOUT_RETURN_TYPE = YES_ERROR;
				GCC_WARN_UNDECLARED_SELECTOR = YES;
				GCC_WARN_UNINITIALIZED_AUTOS = YES_AGGRESSIVE;
				GCC_WARN_UNUSED_FUNCTION = YES;
				GCC_WARN_UNUSED_VARIABLE = YES;
				IPHONEOS_DEPLOYMENT_TARGET = 10.3;
				MTL_ENABLE_DEBUG_INFO = NO;
				SDKROOT = iphoneos;
				SWIFT_OPTIMIZATION_LEVEL = "-Owholemodule";
				TARGETED_DEVICE_FAMILY = "1,2";
				VALIDATE_PRODUCT = YES;
			};
			name = Release;
		};
		C0F9D2961F623E0000095BA0 /* Debug */ = {
			isa = XCBuildConfiguration;
			buildSettings = {
				ASSETCATALOG_COMPILER_APPICON_NAME = AppIcon;
				INFOPLIST_FILE = ChatApp/Info.plist;
				LD_RUNPATH_SEARCH_PATHS = "$(inherited) @executable_path/Frameworks";
				PRODUCT_BUNDLE_IDENTIFIER = TWL.ChatApp;
				PRODUCT_NAME = "$(TARGET_NAME)";
				SWIFT_VERSION = 3.0;
			};
			name = Debug;
		};
		C0F9D2971F623E0000095BA0 /* Release */ = {
			isa = XCBuildConfiguration;
			buildSettings = {
				ASSETCATALOG_COMPILER_APPICON_NAME = AppIcon;
				INFOPLIST_FILE = ChatApp/Info.plist;
				LD_RUNPATH_SEARCH_PATHS = "$(inherited) @executable_path/Frameworks";
				PRODUCT_BUNDLE_IDENTIFIER = TWL.ChatApp;
				PRODUCT_NAME = "$(TARGET_NAME)";
				SWIFT_VERSION = 3.0;
			};
			name = Release;
		};
/* End XCBuildConfiguration section */

/* Begin XCConfigurationList section */
		C0F9D27B1F623E0000095BA0 /* Build configuration list for PBXProject "ChatApp" */ = {
			isa = XCConfigurationList;
			buildConfigurations = (
				C0F9D2931F623E0000095BA0 /* Debug */,
				C0F9D2941F623E0000095BA0 /* Release */,
			);
			defaultConfigurationIsVisible = 0;
			defaultConfigurationName = Release;
		};
		C0F9D2951F623E0000095BA0 /* Build configuration list for PBXNativeTarget "ChatApp" */ = {
			isa = XCConfigurationList;
			buildConfigurations = (
				C0F9D2961F623E0000095BA0 /* Debug */,
				C0F9D2971F623E0000095BA0 /* Release */,
			);
			defaultConfigurationIsVisible = 0;
			defaultConfigurationName = Release;
		};
/* End XCConfigurationList section */

/* Begin XCVersionGroup section */
		C0F9D28A1F623E0000095BA0 /* ChatApp.xcdatamodeld */ = {
			isa = XCVersionGroup;
			children = (
				C0F9D28B1F623E0000095BA0 /* ChatApp.xcdatamodel */,
			);
			currentVersion = C0F9D28B1F623E0000095BA0 /* ChatApp.xcdatamodel */;
			path = ChatApp.xcdatamodeld;
			sourceTree = "<group>";
			versionGroupType = wrapper.xcdatamodel;
		};
/* End XCVersionGroup section */
	};
	rootObject = C0F9D2781F623E0000095BA0 /* Project object */;
}
